
Microsoft Visual Studio Solution File, Format Version 12.00
# Visual Studio Version 17
VisualStudioVersion = 17.14.36603.0 d17.14
MinimumVisualStudioVersion = 10.0.40219.1
Project("{FAE04EC0-301F-11D3-BF4B-00C04F79EFBC}") = "Proj4", "Proj4.csproj", "{6740BFC1-3F71-402F-87E5-DFF5FD2CEB47}"
EndProject
Global
	GlobalSection(SolutionConfigurationPlatforms) = preSolution
		Debug|Any CPU = Debug|Any CPU
		Release|Any CPU = Release|Any CPU
	EndGlobalSection
	GlobalSection(ProjectConfigurationPlatforms) = postSolution
		{6740BFC1-3F71-402F-87E5-DFF5FD2CEB47}.Debug|Any CPU.ActiveCfg = Debug|Any CPU
		{6740BFC1-3F71-402F-87E5-DFF5FD2CEB47}.Debug|Any CPU.Build.0 = Debug|Any CPU
		{6740BFC1-3F71-402F-87E5-DFF5FD2CEB47}.Release|Any CPU.ActiveCfg = Release|Any CPU
		{6740BFC1-3F71-402F-87E5-DFF5FD2CEB47}.Release|Any CPU.Build.0 = Release|Any CPU
	EndGlobalSection
	GlobalSection(SolutionProperties) = preSolution
		HideSolutionNode = FALSE
	EndGlobalSection
	GlobalSection(ExtensibilityGlobals) = postSolution
		SolutionGuid = {886FEE79-3391-401D-B40D-F17CF18DB66F}
	EndGlobalSection
EndGlobal
